{
  "name": "@thzero/library_id_shortuuid",
  "version": "0.17.1",
  "lockfileVersion": 2,
  "requires": true,
  "packages": {
    "": {
      "name": "@thzero/library_id_shortuuid",
      "version": "0.17.1",
      "license": "MIT",
      "dependencies": {
        "short-uuid": "^4.2.2",
        "uuid": "^9.0.0"
      }
    },
    "node_modules/any-base": {
      "version": "1.1.0",
      "resolved": "https://registry.npmjs.org/any-base/-/any-base-1.1.0.tgz",
      "integrity": "sha512-uMgjozySS8adZZYePpaWs8cxB9/kdzmpX6SgJZ+wbz1K5eYk5QMYDVJaZKhxyIHUdnnJkfR7SVgStgH7LkGUyg=="
    },
    "node_modules/short-uuid": {
      "version": "4.2.2",
      "resolved": "https://registry.npmjs.org/short-uuid/-/short-uuid-4.2.2.tgz",
      "integrity": "sha512-IE7hDSGV2U/VZoCsjctKX6l5t5ak2jE0+aeGJi3KtvjIUNuZVmHVYUjNBhmo369FIWGDtaieRaO8A83Lvwfpqw==",
      "dependencies": {
        "any-base": "^1.1.0",
        "uuid": "^8.3.2"
      },
      "engines": {
        "node": ">=8"
      }
    },
    "node_modules/short-uuid/node_modules/uuid": {
      "version": "8.3.2",
      "resolved": "https://registry.npmjs.org/uuid/-/uuid-8.3.2.tgz",
      "integrity": "sha512-+NYs2QeMWy+GWFOEm9xnn6HCDp0l7QBD7ml8zLUmJ+93Q5NF0NocErnwkTkXVFNiX3/fpC6afS8Dhb/gz7R7eg==",
      "bin": {
        "uuid": "dist/bin/uuid"
      }
    },
    "node_modules/uuid": {
      "version": "9.0.0",
      "resolved": "https://registry.npmjs.org/uuid/-/uuid-9.0.0.tgz",
      "integrity": "sha512-MXcSTerfPa4uqyzStbRoTgt5XIe3x5+42+q1sDuy3R5MDk66URdLMOZe5aPX/SQd+kuYAh0FdP/pO28IkQyTeg==",
      "bin": {
        "uuid": "dist/bin/uuid"
      }
    }
  },
  "dependencies": {
    "any-base": {
      "version": "1.1.0",
      "resolved": "https://registry.npmjs.org/any-base/-/any-base-1.1.0.tgz",
      "integrity": "sha512-uMgjozySS8adZZYePpaWs8cxB9/kdzmpX6SgJZ+wbz1K5eYk5QMYDVJaZKhxyIHUdnnJkfR7SVgStgH7LkGUyg=="
    },
    "short-uuid": {
      "version": "4.2.2",
      "resolved": "https://registry.npmjs.org/short-uuid/-/short-uuid-4.2.2.tgz",
      "integrity": "sha512-IE7hDSGV2U/VZoCsjctKX6l5t5ak2jE0+aeGJi3KtvjIUNuZVmHVYUjNBhmo369FIWGDtaieRaO8A83Lvwfpqw==",
      "requires": {
        "any-base": "^1.1.0",
        "uuid": "^8.3.2"
      },
      "dependencies": {
        "uuid": {
          "version": "8.3.2",
          "resolved": "https://registry.npmjs.org/uuid/-/uuid-8.3.2.tgz",
          "integrity": "sha512-+NYs2QeMWy+GWFOEm9xnn6HCDp0l7QBD7ml8zLUmJ+93Q5NF0NocErnwkTkXVFNiX3/fpC6afS8Dhb/gz7R7eg=="
        }
      }
    },
    "uuid": {
      "version": "9.0.0",
      "resolved": "https://registry.npmjs.org/uuid/-/uuid-9.0.0.tgz",
      "integrity": "sha512-MXcSTerfPa4uqyzStbRoTgt5XIe3x5+42+q1sDuy3R5MDk66URdLMOZe5aPX/SQd+kuYAh0FdP/pO28IkQyTeg=="
    }
  }
}
